// !$*UTF8*$!
{
	archiveVersion = 1;
	classes = {
	};
	objectVersion = 50;
	objects = {

/* Begin PBXBuildFile section */
		83596F7D275BFC6B0024CE5D /* AppDelegate.swift in Sources */ = {isa = PBXBuildFile; fileRef = 83596F7C275BFC6B0024CE5D /* AppDelegate.swift */; };
		83596F7F275BFC6B0024CE5D /* SceneDelegate.swift in Sources */ = {isa = PBXBuildFile; fileRef = 83596F7E275BFC6B0024CE5D /* SceneDelegate.swift */; };
		83596F81275BFC6B0024CE5D /* LoginViewController.swift in Sources */ = {isa = PBXBuildFile; fileRef = 83596F80275BFC6B0024CE5D /* LoginViewController.swift */; };
		83596F87275BFC6B0024CE5D /* AdotaGato_com.xcdatamodeld in Sources */ = {isa = PBXBuildFile; fileRef = 83596F85275BFC6B0024CE5D /* AdotaGato_com.xcdatamodeld */; };
		83596F89275BFC6C0024CE5D /* Assets.xcassets in Resources */ = {isa = PBXBuildFile; fileRef = 83596F88275BFC6C0024CE5D /* Assets.xcassets */; };
		83596F98275BFD0E0024CE5D /* LogoView.swift in Sources */ = {isa = PBXBuildFile; fileRef = 83596F97275BFD0E0024CE5D /* LogoView.swift */; };
		F5C15867279DB25C00FCD773 /* DisponiveisViewController.swift in Sources */ = {isa = PBXBuildFile; fileRef = F5C15863279DB25C00FCD773 /* DisponiveisViewController.swift */; };
		F5C15868279DB25C00FCD773 /* CadastroViewController.swift in Sources */ = {isa = PBXBuildFile; fileRef = F5C15864279DB25C00FCD773 /* CadastroViewController.swift */; };
		F5C15869279DB25C00FCD773 /* AcompanhamentoViewController.swift in Sources */ = {isa = PBXBuildFile; fileRef = F5C15865279DB25C00FCD773 /* AcompanhamentoViewController.swift */; };
		F5C1586A279DB25C00FCD773 /* TabBarViewController.swift in Sources */ = {isa = PBXBuildFile; fileRef = F5C15866279DB25C00FCD773 /* TabBarViewController.swift */; };
		F5EDFBB327738F9400260772 /* Gato.swift in Sources */ = {isa = PBXBuildFile; fileRef = F5EDFBB227738F9400260772 /* Gato.swift */; };
		F5F1453827A1FD9E00A32CD9 /* PickerView.swift in Sources */ = {isa = PBXBuildFile; fileRef = F5F1453727A1FD9E00A32CD9 /* PickerView.swift */; };
		F5F1453A27A2029900A32CD9 /* CadastroViewModel.swift in Sources */ = {isa = PBXBuildFile; fileRef = F5F1453927A2029900A32CD9 /* CadastroViewModel.swift */; };
		F5F1453C27A20BD500A32CD9 /* Raca.swift in Sources */ = {isa = PBXBuildFile; fileRef = F5F1453B27A20BD500A32CD9 /* Raca.swift */; };
/* End PBXBuildFile section */

/* Begin PBXFileReference section */
		83596F79275BFC6B0024CE5D /* AdotaGato.com.app */ = {isa = PBXFileReference; explicitFileType = wrapper.application; includeInIndex = 0; path = AdotaGato.com.app; sourceTree = BUILT_PRODUCTS_DIR; };
		83596F7C275BFC6B0024CE5D /* AppDelegate.swift */ = {isa = PBXFileReference; lastKnownFileType = sourcecode.swift; path = AppDelegate.swift; sourceTree = "<group>"; };
		83596F7E275BFC6B0024CE5D /* SceneDelegate.swift */ = {isa = PBXFileReference; lastKnownFileType = sourcecode.swift; path = SceneDelegate.swift; sourceTree = "<group>"; };
		83596F80275BFC6B0024CE5D /* LoginViewController.swift */ = {isa = PBXFileReference; lastKnownFileType = sourcecode.swift; path = LoginViewController.swift; sourceTree = "<group>"; };
		83596F86275BFC6B0024CE5D /* AdotaGato_com.xcdatamodel */ = {isa = PBXFileReference; lastKnownFileType = wrapper.xcdatamodel; path = AdotaGato_com.xcdatamodel; sourceTree = "<group>"; };
		83596F88275BFC6C0024CE5D /* Assets.xcassets */ = {isa = PBXFileReference; lastKnownFileType = folder.assetcatalog; path = Assets.xcassets; sourceTree = "<group>"; };
		83596F8D275BFC6C0024CE5D /* Info.plist */ = {isa = PBXFileReference; lastKnownFileType = text.plist.xml; path = Info.plist; sourceTree = "<group>"; };
		83596F97275BFD0E0024CE5D /* LogoView.swift */ = {isa = PBXFileReference; lastKnownFileType = sourcecode.swift; path = LogoView.swift; sourceTree = "<group>"; };
		F5C15863279DB25C00FCD773 /* DisponiveisViewController.swift */ = {isa = PBXFileReference; fileEncoding = 4; lastKnownFileType = sourcecode.swift; path = DisponiveisViewController.swift; sourceTree = "<group>"; };
		F5C15864279DB25C00FCD773 /* CadastroViewController.swift */ = {isa = PBXFileReference; fileEncoding = 4; lastKnownFileType = sourcecode.swift; path = CadastroViewController.swift; sourceTree = "<group>"; };
		F5C15865279DB25C00FCD773 /* AcompanhamentoViewController.swift */ = {isa = PBXFileReference; fileEncoding = 4; lastKnownFileType = sourcecode.swift; path = AcompanhamentoViewController.swift; sourceTree = "<group>"; };
		F5C15866279DB25C00FCD773 /* TabBarViewController.swift */ = {isa = PBXFileReference; fileEncoding = 4; lastKnownFileType = sourcecode.swift; path = TabBarViewController.swift; sourceTree = "<group>"; };
		F5EDFBB227738F9400260772 /* Gato.swift */ = {isa = PBXFileReference; lastKnownFileType = sourcecode.swift; path = Gato.swift; sourceTree = "<group>"; };
		F5F1453727A1FD9E00A32CD9 /* PickerView.swift */ = {isa = PBXFileReference; fileEncoding = 4; lastKnownFileType = sourcecode.swift; path = PickerView.swift; sourceTree = "<group>"; };
		F5F1453927A2029900A32CD9 /* CadastroViewModel.swift */ = {isa = PBXFileReference; lastKnownFileType = sourcecode.swift; path = CadastroViewModel.swift; sourceTree = "<group>"; };
		F5F1453B27A20BD500A32CD9 /* Raca.swift */ = {isa = PBXFileReference; lastKnownFileType = sourcecode.swift; path = Raca.swift; sourceTree = "<group>"; };
/* End PBXFileReference section */

/* Begin PBXFrameworksBuildPhase section */
		83596F76275BFC6B0024CE5D /* Frameworks */ = {
			isa = PBXFrameworksBuildPhase;
			buildActionMask = 2147483647;
			files = (
			);
			runOnlyForDeploymentPostprocessing = 0;
		};
/* End PBXFrameworksBuildPhase section */

/* Begin PBXGroup section */
		83596F70275BFC6B0024CE5D = {
			isa = PBXGroup;
			children = (
				83596F7B275BFC6B0024CE5D /* AdotaGato.com */,
				83596F7A275BFC6B0024CE5D /* Products */,
			);
			sourceTree = "<group>";
		};
		83596F7A275BFC6B0024CE5D /* Products */ = {
			isa = PBXGroup;
			children = (
				83596F79275BFC6B0024CE5D /* AdotaGato.com.app */,
			);
			name = Products;
			sourceTree = "<group>";
		};
		83596F7B275BFC6B0024CE5D /* AdotaGato.com */ = {
			isa = PBXGroup;
			children = (
				F5EDFBB127738F3700260772 /* Models */,
				F5E58F342761234B00B3C037 /* Views */,
				83596F7C275BFC6B0024CE5D /* AppDelegate.swift */,
				83596F7E275BFC6B0024CE5D /* SceneDelegate.swift */,
				83596F88275BFC6C0024CE5D /* Assets.xcassets */,
				83596F8D275BFC6C0024CE5D /* Info.plist */,
				83596F85275BFC6B0024CE5D /* AdotaGato_com.xcdatamodeld */,
			);
			path = AdotaGato.com;
			sourceTree = "<group>";
		};
		F5E58F342761234B00B3C037 /* Views */ = {
			isa = PBXGroup;
			children = (
				F5F1453727A1FD9E00A32CD9 /* PickerView.swift */,
				F5C15865279DB25C00FCD773 /* AcompanhamentoViewController.swift */,
				F5C15864279DB25C00FCD773 /* CadastroViewController.swift */,
				F5C15863279DB25C00FCD773 /* DisponiveisViewController.swift */,
				F5C15866279DB25C00FCD773 /* TabBarViewController.swift */,
				83596F97275BFD0E0024CE5D /* LogoView.swift */,
				83596F80275BFC6B0024CE5D /* LoginViewController.swift */,
				F5F1453927A2029900A32CD9 /* CadastroViewModel.swift */,
			);
			path = Views;
			sourceTree = "<group>";
		};
		F5EDFBB127738F3700260772 /* Models */ = {
			isa = PBXGroup;
			children = (
				F5EDFBB227738F9400260772 /* Gato.swift */,
				F5F1453B27A20BD500A32CD9 /* Raca.swift */,
			);
			path = Models;
			sourceTree = "<group>";
		};
/* End PBXGroup section */

/* Begin PBXNativeTarget section */
		83596F78275BFC6B0024CE5D /* AdotaGato.com */ = {
			isa = PBXNativeTarget;
			buildConfigurationList = 83596F90275BFC6C0024CE5D /* Build configuration list for PBXNativeTarget "AdotaGato.com" */;
			buildPhases = (
				83596F75275BFC6B0024CE5D /* Sources */,
				83596F76275BFC6B0024CE5D /* Frameworks */,
				83596F77275BFC6B0024CE5D /* Resources */,
			);
			buildRules = (
			);
			dependencies = (
			);
			name = AdotaGato.com;
			productName = AdotaGato.com;
			productReference = 83596F79275BFC6B0024CE5D /* AdotaGato.com.app */;
			productType = "com.apple.product-type.application";
		};
/* End PBXNativeTarget section */

/* Begin PBXProject section */
		83596F71275BFC6B0024CE5D /* Project object */ = {
			isa = PBXProject;
			attributes = {
				LastSwiftUpdateCheck = 1250;
				LastUpgradeCheck = 1250;
				TargetAttributes = {
					83596F78275BFC6B0024CE5D = {
						CreatedOnToolsVersion = 12.5;
					};
				};
			};
			buildConfigurationList = 83596F74275BFC6B0024CE5D /* Build configuration list for PBXProject "AdotaGato.com" */;
			compatibilityVersion = "Xcode 9.3";
			developmentRegion = en;
			hasScannedForEncodings = 0;
			knownRegions = (
				en,
				Base,
			);
			mainGroup = 83596F70275BFC6B0024CE5D;
			productRefGroup = 83596F7A275BFC6B0024CE5D /* Products */;
			projectDirPath = "";
			projectRoot = "";
			targets = (
				83596F78275BFC6B0024CE5D /* AdotaGato.com */,
			);
		};
/* End PBXProject section */

/* Begin PBXResourcesBuildPhase section */
		83596F77275BFC6B0024CE5D /* Resources */ = {
			isa = PBXResourcesBuildPhase;
			buildActionMask = 2147483647;
			files = (
				83596F89275BFC6C0024CE5D /* Assets.xcassets in Resources */,
			);
			runOnlyForDeploymentPostprocessing = 0;
		};
/* End PBXResourcesBuildPhase section */

/* Begin PBXSourcesBuildPhase section */
		83596F75275BFC6B0024CE5D /* Sources */ = {
			isa = PBXSourcesBuildPhase;
			buildActionMask = 2147483647;
			files = (
				F5C15867279DB25C00FCD773 /* DisponiveisViewController.swift in Sources */,
				83596F87275BFC6B0024CE5D /* AdotaGato_com.xcdatamodeld in Sources */,
				F5C15869279DB25C00FCD773 /* AcompanhamentoViewController.swift in Sources */,
				83596F98275BFD0E0024CE5D /* LogoView.swift in Sources */,
				83596F81275BFC6B0024CE5D /* LoginViewController.swift in Sources */,
				F5F1453827A1FD9E00A32CD9 /* PickerView.swift in Sources */,
				83596F7D275BFC6B0024CE5D /* AppDelegate.swift in Sources */,
				F5F1453A27A2029900A32CD9 /* CadastroViewModel.swift in Sources */,
				F5EDFBB327738F9400260772 /* Gato.swift in Sources */,
				83596F7F275BFC6B0024CE5D /* SceneDelegate.swift in Sources */,
				F5F1453C27A20BD500A32CD9 /* Raca.swift in Sources */,
				F5C1586A279DB25C00FCD773 /* TabBarViewController.swift in Sources */,
				F5C15868279DB25C00FCD773 /* CadastroViewController.swift in Sources */,
			);
			runOnlyForDeploymentPostprocessing = 0;
		};
/* End PBXSourcesBuildPhase section */

/* Begin XCBuildConfiguration section */
		83596F8E275BFC6C0024CE5D /* Debug */ = {
			isa = XCBuildConfiguration;
			buildSettings = {
				ALWAYS_SEARCH_USER_PATHS = NO;
				CLANG_ANALYZER_NONNULL = YES;
				CLANG_ANALYZER_NUMBER_OBJECT_CONVERSION = YES_AGGRESSIVE;
				CLANG_CXX_LANGUAGE_STANDARD = "gnu++14";
				CLANG_CXX_LIBRARY = "libc++";
				CLANG_ENABLE_MODULES = YES;
				CLANG_ENABLE_OBJC_ARC = YES;
				CLANG_ENABLE_OBJC_WEAK = YES;
				CLANG_WARN_BLOCK_CAPTURE_AUTORELEASING = YES;
				CLANG_WARN_BOOL_CONVERSION = YES;
				CLANG_WARN_COMMA = YES;
				CLANG_WARN_CONSTANT_CONVERSION = YES;
				CLANG_WARN_DEPRECATED_OBJC_IMPLEMENTATIONS = YES;
				CLANG_WARN_DIRECT_OBJC_ISA_USAGE = YES_ERROR;
				CLANG_WARN_DOCUMENTATION_COMMENTS = YES;
				CLANG_WARN_EMPTY_BODY = YES;
				CLANG_WARN_ENUM_CONVERSION = YES;
				CLANG_WARN_INFINITE_RECURSION = YES;
				CLANG_WARN_INT_CONVERSION = YES;
				CLANG_WARN_NON_LITERAL_NULL_CONVERSION = YES;
				CLANG_WARN_OBJC_IMPLICIT_RETAIN_SELF = YES;
				CLANG_WARN_OBJC_LITERAL_CONVERSION = YES;
				CLANG_WARN_OBJC_ROOT_CLASS = YES_ERROR;
				CLANG_WARN_QUOTED_INCLUDE_IN_FRAMEWORK_HEADER = YES;
				CLANG_WARN_RANGE_LOOP_ANALYSIS = YES;
				CLANG_WARN_STRICT_PROTOTYPES = YES;
				CLANG_WARN_SUSPICIOUS_MOVE = YES;
				CLANG_WARN_UNGUARDED_AVAILABILITY = YES_AGGRESSIVE;
				CLANG_WARN_UNREACHABLE_CODE = YES;
				CLANG_WARN__DUPLICATE_METHOD_MATCH = YES;
				COPY_PHASE_STRIP = NO;
				DEBUG_INFORMATION_FORMAT = dwarf;
				ENABLE_STRICT_OBJC_MSGSEND = YES;
				ENABLE_TESTABILITY = YES;
				GCC_C_LANGUAGE_STANDARD = gnu11;
				GCC_DYNAMIC_NO_PIC = NO;
				GCC_NO_COMMON_BLOCKS = YES;
				GCC_OPTIMIZATION_LEVEL = 0;
				GCC_PREPROCESSOR_DEFINITIONS = (
					"DEBUG=1",
					"$(inherited)",
				);
				GCC_WARN_64_TO_32_BIT_CONVERSION = YES;
				GCC_WARN_ABOUT_RETURN_TYPE = YES_ERROR;
				GCC_WARN_UNDECLARED_SELECTOR = YES;
				GCC_WARN_UNINITIALIZED_AUTOS = YES_AGGRESSIVE;
				GCC_WARN_UNUSED_FUNCTION = YES;
				GCC_WARN_UNUSED_VARIABLE = YES;
				IPHONEOS_DEPLOYMENT_TARGET = 14.5;
				MTL_ENABLE_DEBUG_INFO = INCLUDE_SOURCE;
				MTL_FAST_MATH = YES;
				ONLY_ACTIVE_ARCH = YES;
				SDKROOT = iphoneos;
				SWIFT_ACTIVE_COMPILATION_CONDITIONS = DEBUG;
				SWIFT_OPTIMIZATION_LEVEL = "-Onone";
			};
			name = Debug;
		};
		83596F8F275BFC6C0024CE5D /* Release */ = {
			isa = XCBuildConfiguration;
			buildSettings = {
				ALWAYS_SEARCH_USER_PATHS = NO;
				CLANG_ANALYZER_NONNULL = YES;
				CLANG_ANALYZER_NUMBER_OBJECT_CONVERSION = YES_AGGRESSIVE;
				CLANG_CXX_LANGUAGE_STANDARD = "gnu++14";
				CLANG_CXX_LIBRARY = "libc++";
				CLANG_ENABLE_MODULES = YES;
				CLANG_ENABLE_OBJC_ARC = YES;
				CLANG_ENABLE_OBJC_WEAK = YES;
				CLANG_WARN_BLOCK_CAPTURE_AUTORELEASING = YES;
				CLANG_WARN_BOOL_CONVERSION = YES;
				CLANG_WARN_COMMA = YES;
				CLANG_WARN_CONSTANT_CONVERSION = YES;
				CLANG_WARN_DEPRECATED_OBJC_IMPLEMENTATIONS = YES;
				CLANG_WARN_DIRECT_OBJC_ISA_USAGE = YES_ERROR;
				CLANG_WARN_DOCUMENTATION_COMMENTS = YES;
				CLANG_WARN_EMPTY_BODY = YES;
				CLANG_WARN_ENUM_CONVERSION = YES;
				CLANG_WARN_INFINITE_RECURSION = YES;
				CLANG_WARN_INT_CONVERSION = YES;
				CLANG_WARN_NON_LITERAL_NULL_CONVERSION = YES;
				CLANG_WARN_OBJC_IMPLICIT_RETAIN_SELF = YES;
				CLANG_WARN_OBJC_LITERAL_CONVERSION = YES;
				CLANG_WARN_OBJC_ROOT_CLASS = YES_ERROR;
				CLANG_WARN_QUOTED_INCLUDE_IN_FRAMEWORK_HEADER = YES;
				CLANG_WARN_RANGE_LOOP_ANALYSIS = YES;
				CLANG_WARN_STRICT_PROTOTYPES = YES;
				CLANG_WARN_SUSPICIOUS_MOVE = YES;
				CLANG_WARN_UNGUARDED_AVAILABILITY = YES_AGGRESSIVE;
				CLANG_WARN_UNREACHABLE_CODE = YES;
				CLANG_WARN__DUPLICATE_METHOD_MATCH = YES;
				COPY_PHASE_STRIP = NO;
				DEBUG_INFORMATION_FORMAT = "dwarf-with-dsym";
				ENABLE_NS_ASSERTIONS = NO;
				ENABLE_STRICT_OBJC_MSGSEND = YES;
				GCC_C_LANGUAGE_STANDARD = gnu11;
				GCC_NO_COMMON_BLOCKS = YES;
				GCC_WARN_64_TO_32_BIT_CONVERSION = YES;
				GCC_WARN_ABOUT_RETURN_TYPE = YES_ERROR;
				GCC_WARN_UNDECLARED_SELECTOR = YES;
				GCC_WARN_UNINITIALIZED_AUTOS = YES_AGGRESSIVE;
				GCC_WARN_UNUSED_FUNCTION = YES;
				GCC_WARN_UNUSED_VARIABLE = YES;
				IPHONEOS_DEPLOYMENT_TARGET = 14.5;
				MTL_ENABLE_DEBUG_INFO = NO;
				MTL_FAST_MATH = YES;
				SDKROOT = iphoneos;
				SWIFT_COMPILATION_MODE = wholemodule;
				SWIFT_OPTIMIZATION_LEVEL = "-O";
				VALIDATE_PRODUCT = YES;
			};
			name = Release;
		};
		83596F91275BFC6C0024CE5D /* Debug */ = {
			isa = XCBuildConfiguration;
			buildSettings = {
				ASSETCATALOG_COMPILER_APPICON_NAME = AppIcon;
				ASSETCATALOG_COMPILER_GLOBAL_ACCENT_COLOR_NAME = AccentColor;
				CODE_SIGN_STYLE = Automatic;
				DEVELOPMENT_TEAM = 7DUB449Z92;
				INFOPLIST_FILE = AdotaGato.com/Info.plist;
				LD_RUNPATH_SEARCH_PATHS = (
					"$(inherited)",
					"@executable_path/Frameworks",
				);
				PRODUCT_BUNDLE_IDENTIFIER = BRG.AdotaGato.com;
				PRODUCT_NAME = "$(TARGET_NAME)";
				SWIFT_VERSION = 5.0;
				TARGETED_DEVICE_FAMILY = "1,2";
			};
			name = Debug;
		};
		83596F92275BFC6C0024CE5D /* Release */ = {
			isa = XCBuildConfiguration;
			buildSettings = {
				ASSETCATALOG_COMPILER_APPICON_NAME = AppIcon;
				ASSETCATALOG_COMPILER_GLOBAL_ACCENT_COLOR_NAME = AccentColor;
				CODE_SIGN_STYLE = Automatic;
				DEVELOPMENT_TEAM = 7DUB449Z92;
				INFOPLIST_FILE = AdotaGato.com/Info.plist;
				LD_RUNPATH_SEARCH_PATHS = (
					"$(inherited)",
					"@executable_path/Frameworks",
				);
				PRODUCT_BUNDLE_IDENTIFIER = BRG.AdotaGato.com;
				PRODUCT_NAME = "$(TARGET_NAME)";
				SWIFT_VERSION = 5.0;
				TARGETED_DEVICE_FAMILY = "1,2";
			};
			name = Release;
		};
/* End XCBuildConfiguration section */

/* Begin XCConfigurationList section */
		83596F74275BFC6B0024CE5D /* Build configuration list for PBXProject "AdotaGato.com" */ = {
			isa = XCConfigurationList;
			buildConfigurations = (
				83596F8E275BFC6C0024CE5D /* Debug */,
				83596F8F275BFC6C0024CE5D /* Release */,
			);
			defaultConfigurationIsVisible = 0;
			defaultConfigurationName = Release;
		};
		83596F90275BFC6C0024CE5D /* Build configuration list for PBXNativeTarget "AdotaGato.com" */ = {
			isa = XCConfigurationList;
			buildConfigurations = (
				83596F91275BFC6C0024CE5D /* Debug */,
				83596F92275BFC6C0024CE5D /* Release */,
			);
			defaultConfigurationIsVisible = 0;
			defaultConfigurationName = Release;
		};
/* End XCConfigurationList section */

/* Begin XCVersionGroup section */
		83596F85275BFC6B0024CE5D /* AdotaGato_com.xcdatamodeld */ = {
			isa = XCVersionGroup;
			children = (
				83596F86275BFC6B0024CE5D /* AdotaGato_com.xcdatamodel */,
			);
			currentVersion = 83596F86275BFC6B0024CE5D /* AdotaGato_com.xcdatamodel */;
			path = AdotaGato_com.xcdatamodeld;
			sourceTree = "<group>";
			versionGroupType = wrapper.xcdatamodel;
		};
/* End XCVersionGroup section */
	};
	rootObject = 83596F71275BFC6B0024CE5D /* Project object */;
}
